{
  "name": "uni-template",
  "version": "1.0.0",
  "lockfileVersion": 2,
  "requires": true,
  "packages": {
    "": {
      "name": "uni-template",
      "version": "1.0.0",
      "license": "ISC",
      "dependencies": {
        "lg-tools": "^1.0.50"
      }
    },
    "node_modules/lg-tools": {
      "version": "1.0.50",
      "resolved": "https://registry.npmjs.org/lg-tools/-/lg-tools-1.0.50.tgz",
      "integrity": "sha512-Qf4ho9L7DIMWp37NSA7rYvpngApF3mhaNkhSWuDeyxWZx21RlmHQBAkI7nJAZ87yZxjKkuKppVmZNnXDuBSM9w=="
    }
  },
  "dependencies": {
    "lg-tools": {
      "version": "1.0.50",
      "resolved": "https://registry.npmjs.org/lg-tools/-/lg-tools-1.0.50.tgz",
      "integrity": "sha512-Qf4ho9L7DIMWp37NSA7rYvpngApF3mhaNkhSWuDeyxWZx21RlmHQBAkI7nJAZ87yZxjKkuKppVmZNnXDuBSM9w=="
    }
  }
}
